
Microsoft Visual Studio Solution File, Format Version 12.00
# Visual Studio Version 17
VisualStudioVersion = 17.1.32210.238
MinimumVisualStudioVersion = 10.0.40219.1
Project("{FAE04EC0-301F-11D3-BF4B-00C04F79EFBC}") = "BTEJA_Lexer_Cv3", "BTEJA_Lexer_Cv3\BTEJA_Lexer_Cv3.csproj", "{A86A4C5E-9EFD-45AD-854F-3370A9C05FD2}"
EndProject
Global
	GlobalSection(SolutionConfigurationPlatforms) = preSolution
		Debug|Any CPU = Debug|Any CPU
		Release|Any CPU = Release|Any CPU
	EndGlobalSection
	GlobalSection(ProjectConfigurationPlatforms) = postSolution
		{A86A4C5E-9EFD-45AD-854F-3370A9C05FD2}.Debug|Any CPU.ActiveCfg = Debug|Any CPU
		{A86A4C5E-9EFD-45AD-854F-3370A9C05FD2}.Debug|Any CPU.Build.0 = Debug|Any CPU
		{A86A4C5E-9EFD-45AD-854F-3370A9C05FD2}.Release|Any CPU.ActiveCfg = Release|Any CPU
		{A86A4C5E-9EFD-45AD-854F-3370A9C05FD2}.Release|Any CPU.Build.0 = Release|Any CPU
	EndGlobalSection
	GlobalSection(SolutionProperties) = preSolution
		HideSolutionNode = FALSE
	EndGlobalSection
	GlobalSection(ExtensibilityGlobals) = postSolution
		SolutionGuid = {AD307D54-8A89-4CFB-A3E0-3507BE8D0800}
	EndGlobalSection
EndGlobal
